
Microsoft Visual Studio Solution File, Format Version 12.00
# Visual Studio Version 17
VisualStudioVersion = 17.13.35931.197
MinimumVisualStudioVersion = 10.0.40219.1
Project("{FAE04EC0-301F-11D3-BF4B-00C04F79EFBC}") = "CloudTrabajoBimestral.API", "CloudTrabajoBimestral.API\CloudTrabajoBimestral.API.csproj", "{469E4778-D5C3-46A4-ADFA-B4DB2C80FDA7}"
EndProject
Project("{FAE04EC0-301F-11D3-BF4B-00C04F79EFBC}") = "CloudTrabajoBimestral.Models", "CloudTrabajoBimestral.Models\CloudTrabajoBimestral.Models.csproj", "{07B1CA2E-1A72-4021-B6C7-FC347204E251}"
EndProject
Project("{FAE04EC0-301F-11D3-BF4B-00C04F79EFBC}") = "CloudTrabajo.MVC", "CloudTrabajo.MVC\CloudTrabajo.MVC.csproj", "{8F9D88CC-4DAA-4C29-8A41-B2F35C45C397}"
EndProject
Project("{FAE04EC0-301F-11D3-BF4B-00C04F79EFBC}") = "CloudTrabajoBimestral.Consumer", "CloudTrabajoBimestral.Consumer\CloudTrabajoBimestral.Consumer.csproj", "{E67679D9-9C5D-4684-BD9C-2A1176E10E98}"
EndProject
Project("{FAE04EC0-301F-11D3-BF4B-00C04F79EFBC}") = "TEST", "TEST\TEST.csproj", "{D586328D-0919-4974-A2AF-90392EC714D3}"
EndProject
Global
	GlobalSection(SolutionConfigurationPlatforms) = preSolution
		Debug|Any CPU = Debug|Any CPU
		Release|Any CPU = Release|Any CPU
	EndGlobalSection
	GlobalSection(ProjectConfigurationPlatforms) = postSolution
		{469E4778-D5C3-46A4-ADFA-B4DB2C80FDA7}.Debug|Any CPU.ActiveCfg = Debug|Any CPU
		{469E4778-D5C3-46A4-ADFA-B4DB2C80FDA7}.Debug|Any CPU.Build.0 = Debug|Any CPU
		{469E4778-D5C3-46A4-ADFA-B4DB2C80FDA7}.Release|Any CPU.ActiveCfg = Release|Any CPU
		{469E4778-D5C3-46A4-ADFA-B4DB2C80FDA7}.Release|Any CPU.Build.0 = Release|Any CPU
		{07B1CA2E-1A72-4021-B6C7-FC347204E251}.Debug|Any CPU.ActiveCfg = Debug|Any CPU
		{07B1CA2E-1A72-4021-B6C7-FC347204E251}.Debug|Any CPU.Build.0 = Debug|Any CPU
		{07B1CA2E-1A72-4021-B6C7-FC347204E251}.Release|Any CPU.ActiveCfg = Release|Any CPU
		{07B1CA2E-1A72-4021-B6C7-FC347204E251}.Release|Any CPU.Build.0 = Release|Any CPU
		{8F9D88CC-4DAA-4C29-8A41-B2F35C45C397}.Debug|Any CPU.ActiveCfg = Debug|Any CPU
		{8F9D88CC-4DAA-4C29-8A41-B2F35C45C397}.Debug|Any CPU.Build.0 = Debug|Any CPU
		{8F9D88CC-4DAA-4C29-8A41-B2F35C45C397}.Release|Any CPU.ActiveCfg = Release|Any CPU
		{8F9D88CC-4DAA-4C29-8A41-B2F35C45C397}.Release|Any CPU.Build.0 = Release|Any CPU
		{E67679D9-9C5D-4684-BD9C-2A1176E10E98}.Debug|Any CPU.ActiveCfg = Debug|Any CPU
		{E67679D9-9C5D-4684-BD9C-2A1176E10E98}.Debug|Any CPU.Build.0 = Debug|Any CPU
		{E67679D9-9C5D-4684-BD9C-2A1176E10E98}.Release|Any CPU.ActiveCfg = Release|Any CPU
		{E67679D9-9C5D-4684-BD9C-2A1176E10E98}.Release|Any CPU.Build.0 = Release|Any CPU
		{D586328D-0919-4974-A2AF-90392EC714D3}.Debug|Any CPU.ActiveCfg = Debug|Any CPU
		{D586328D-0919-4974-A2AF-90392EC714D3}.Debug|Any CPU.Build.0 = Debug|Any CPU
		{D586328D-0919-4974-A2AF-90392EC714D3}.Release|Any CPU.ActiveCfg = Release|Any CPU
		{D586328D-0919-4974-A2AF-90392EC714D3}.Release|Any CPU.Build.0 = Release|Any CPU
	EndGlobalSection
	GlobalSection(SolutionProperties) = preSolution
		HideSolutionNode = FALSE
	EndGlobalSection
	GlobalSection(ExtensibilityGlobals) = postSolution
		SolutionGuid = {33D6CD3F-A058-4499-BB12-1FEECE2C347A}
	EndGlobalSection
EndGlobal
